
Microsoft Visual Studio Solution File, Format Version 12.00
# Visual Studio Version 16
VisualStudioVersion = 16.0.32002.261
MinimumVisualStudioVersion = 10.0.40219.1
Project("{FAE04EC0-301F-11D3-BF4B-00C04F79EFBC}") = "Food_Delivery_App_API", "Food_Delivery_App_API\Food_Delivery_App_API.csproj", "{F6B52CBD-3141-4AB9-BA47-B3AD98FB2FAF}"
EndProject
Global
	GlobalSection(SolutionConfigurationPlatforms) = preSolution
		Debug|Any CPU = Debug|Any CPU
		Release|Any CPU = Release|Any CPU
	EndGlobalSection
	GlobalSection(ProjectConfigurationPlatforms) = postSolution
		{F6B52CBD-3141-4AB9-BA47-B3AD98FB2FAF}.Debug|Any CPU.ActiveCfg = Debug|Any CPU
		{F6B52CBD-3141-4AB9-BA47-B3AD98FB2FAF}.Debug|Any CPU.Build.0 = Debug|Any CPU
		{F6B52CBD-3141-4AB9-BA47-B3AD98FB2FAF}.Release|Any CPU.ActiveCfg = Release|Any CPU
		{F6B52CBD-3141-4AB9-BA47-B3AD98FB2FAF}.Release|Any CPU.Build.0 = Release|Any CPU
	EndGlobalSection
	GlobalSection(SolutionProperties) = preSolution
		HideSolutionNode = FALSE
	EndGlobalSection
	GlobalSection(ExtensibilityGlobals) = postSolution
		SolutionGuid = {3B5819FD-730A-41A2-A248-6768677F25EA}
	EndGlobalSection
EndGlobal
